
Microsoft Visual Studio Solution File, Format Version 12.00
# Visual Studio 15
VisualStudioVersion = 15.0.27130.2036
MinimumVisualStudioVersion = 10.0.40219.1
Project("{2150E333-8FDC-42A3-9474-1A3956D46DE8}") = "src", "src", "{97624CD0-BD0B-403C-B499-9724A09AD24C}"
EndProject
Project("{2150E333-8FDC-42A3-9474-1A3956D46DE8}") = "test", "test", "{65FD4D76-C981-4E62-BE6A-6C0D325D5E39}"
EndProject
Project("{2150E333-8FDC-42A3-9474-1A3956D46DE8}") = "doc", "doc", "{736CD13B-5059-4605-9DF7-F144A711D360}"
	ProjectSection(SolutionItems) = preProject
		.editorconfig = .editorconfig
		.gitignore = .gitignore
		README.md = README.md
		LICENSE = LICENSE
	EndProjectSection
EndProject
Project("{2150E333-8FDC-42A3-9474-1A3956D46DE8}") = "deploy", "deploy", "{259B7A88-0E88-44AC-97CB-AB579BD7AFD9}"
	ProjectSection(SolutionItems) = preProject
		.dockerignore = .dockerignore
		Dockerfile = Dockerfile
		deploy\rocket.yaml = deploy\rocket.yaml
	EndProjectSection
EndProject
Project("{9A19103F-16F7-4668-BE54-9A1E7A4F7556}") = "Rocket", "src\Rocket\Rocket.csproj", "{748617DC-096C-40F9-BED3-EB906D44C46B}"
EndProject
Project("{9A19103F-16F7-4668-BE54-9A1E7A4F7556}") = "Rocket.Web", "src\Rocket.Web\Rocket.Web.csproj", "{4AEF48BB-9684-415F-98FD-296E7D8BFC19}"
EndProject
Project("{9A19103F-16F7-4668-BE54-9A1E7A4F7556}") = "Rocket.Tests", "test\Rocket.Tests\Rocket.Tests.csproj", "{B2C32745-F871-481B-94A3-5E837BD7DEA8}"
EndProject
Project("{9092AA53-FB77-4645-B42D-1CCCA6BD08BD}") = "Rocket.Web.Client.Tests", "test\Rocket.Web.Client.Tests\Rocket.Web.Client.Tests.njsproj", "{B6FA83AB-70BD-42B2-9014-7E207FAB3B28}"
EndProject
Global
	GlobalSection(SolutionConfigurationPlatforms) = preSolution
		Debug|Any CPU = Debug|Any CPU
		Release|Any CPU = Release|Any CPU
	EndGlobalSection
	GlobalSection(ProjectConfigurationPlatforms) = postSolution
		{748617DC-096C-40F9-BED3-EB906D44C46B}.Debug|Any CPU.ActiveCfg = Debug|Any CPU
		{748617DC-096C-40F9-BED3-EB906D44C46B}.Debug|Any CPU.Build.0 = Debug|Any CPU
		{748617DC-096C-40F9-BED3-EB906D44C46B}.Release|Any CPU.ActiveCfg = Release|Any CPU
		{748617DC-096C-40F9-BED3-EB906D44C46B}.Release|Any CPU.Build.0 = Release|Any CPU
		{4AEF48BB-9684-415F-98FD-296E7D8BFC19}.Debug|Any CPU.ActiveCfg = Debug|Any CPU
		{4AEF48BB-9684-415F-98FD-296E7D8BFC19}.Debug|Any CPU.Build.0 = Debug|Any CPU
		{4AEF48BB-9684-415F-98FD-296E7D8BFC19}.Release|Any CPU.ActiveCfg = Release|Any CPU
		{4AEF48BB-9684-415F-98FD-296E7D8BFC19}.Release|Any CPU.Build.0 = Release|Any CPU
		{B2C32745-F871-481B-94A3-5E837BD7DEA8}.Debug|Any CPU.ActiveCfg = Debug|Any CPU
		{B2C32745-F871-481B-94A3-5E837BD7DEA8}.Debug|Any CPU.Build.0 = Debug|Any CPU
		{B2C32745-F871-481B-94A3-5E837BD7DEA8}.Release|Any CPU.ActiveCfg = Release|Any CPU
		{B2C32745-F871-481B-94A3-5E837BD7DEA8}.Release|Any CPU.Build.0 = Release|Any CPU
		{B6FA83AB-70BD-42B2-9014-7E207FAB3B28}.Debug|Any CPU.ActiveCfg = Debug|Any CPU
		{B6FA83AB-70BD-42B2-9014-7E207FAB3B28}.Debug|Any CPU.Build.0 = Debug|Any CPU
		{B6FA83AB-70BD-42B2-9014-7E207FAB3B28}.Release|Any CPU.ActiveCfg = Release|Any CPU
		{B6FA83AB-70BD-42B2-9014-7E207FAB3B28}.Release|Any CPU.Build.0 = Release|Any CPU
	EndGlobalSection
	GlobalSection(SolutionProperties) = preSolution
		HideSolutionNode = FALSE
	EndGlobalSection
	GlobalSection(NestedProjects) = preSolution
		{748617DC-096C-40F9-BED3-EB906D44C46B} = {97624CD0-BD0B-403C-B499-9724A09AD24C}
		{4AEF48BB-9684-415F-98FD-296E7D8BFC19} = {97624CD0-BD0B-403C-B499-9724A09AD24C}
		{B2C32745-F871-481B-94A3-5E837BD7DEA8} = {65FD4D76-C981-4E62-BE6A-6C0D325D5E39}
		{B6FA83AB-70BD-42B2-9014-7E207FAB3B28} = {65FD4D76-C981-4E62-BE6A-6C0D325D5E39}
	EndGlobalSection
	GlobalSection(ExtensibilityGlobals) = postSolution
		SolutionGuid = {7116710A-7D27-4B61-BF4E-1B2F966352A2}
	EndGlobalSection
EndGlobal
